
Microsoft Visual Studio Solution File, Format Version 12.00
# Visual Studio Version 16
VisualStudioVersion = 16.0.30717.126
MinimumVisualStudioVersion = 10.0.40219.1
Project("{9A19103F-16F7-4668-BE54-9A1E7A4F7556}") = "WebAPIWorkTracker", "WebAPIWorkTracker.csproj", "{6F642A50-C751-43E4-8783-1DA495A5CB7B}"
EndProject
Project("{9A19103F-16F7-4668-BE54-9A1E7A4F7556}") = "DataLayer", "..\DataAssess\DataLayer.csproj", "{6A478B6B-6FE1-4887-97E0-05BE1C80D283}"
EndProject
Project("{9A19103F-16F7-4668-BE54-9A1E7A4F7556}") = "Domain", "..\Domain\Domain.csproj", "{5AB5629A-92CA-4BA4-BFD5-04DB40B93E27}"
EndProject
Project("{9A19103F-16F7-4668-BE54-9A1E7A4F7556}") = "Core", "..\Core\Core.csproj", "{F2CB73AB-A40B-4C45-AB15-49CEF693CBEB}"
EndProject
Project("{9A19103F-16F7-4668-BE54-9A1E7A4F7556}") = "Services", "..\Services\Services.csproj", "{73A23B6E-5B77-4707-A185-9CC086D18434}"
EndProject
Global
	GlobalSection(SolutionConfigurationPlatforms) = preSolution
		Debug|Any CPU = Debug|Any CPU
		Release|Any CPU = Release|Any CPU
	EndGlobalSection
	GlobalSection(ProjectConfigurationPlatforms) = postSolution
		{6F642A50-C751-43E4-8783-1DA495A5CB7B}.Debug|Any CPU.ActiveCfg = Debug|Any CPU
		{6F642A50-C751-43E4-8783-1DA495A5CB7B}.Debug|Any CPU.Build.0 = Debug|Any CPU
		{6F642A50-C751-43E4-8783-1DA495A5CB7B}.Release|Any CPU.ActiveCfg = Release|Any CPU
		{6F642A50-C751-43E4-8783-1DA495A5CB7B}.Release|Any CPU.Build.0 = Release|Any CPU
		{6A478B6B-6FE1-4887-97E0-05BE1C80D283}.Debug|Any CPU.ActiveCfg = Debug|Any CPU
		{6A478B6B-6FE1-4887-97E0-05BE1C80D283}.Debug|Any CPU.Build.0 = Debug|Any CPU
		{6A478B6B-6FE1-4887-97E0-05BE1C80D283}.Release|Any CPU.ActiveCfg = Release|Any CPU
		{6A478B6B-6FE1-4887-97E0-05BE1C80D283}.Release|Any CPU.Build.0 = Release|Any CPU
		{5AB5629A-92CA-4BA4-BFD5-04DB40B93E27}.Debug|Any CPU.ActiveCfg = Debug|Any CPU
		{5AB5629A-92CA-4BA4-BFD5-04DB40B93E27}.Debug|Any CPU.Build.0 = Debug|Any CPU
		{5AB5629A-92CA-4BA4-BFD5-04DB40B93E27}.Release|Any CPU.ActiveCfg = Release|Any CPU
		{5AB5629A-92CA-4BA4-BFD5-04DB40B93E27}.Release|Any CPU.Build.0 = Release|Any CPU
		{F2CB73AB-A40B-4C45-AB15-49CEF693CBEB}.Debug|Any CPU.ActiveCfg = Debug|Any CPU
		{F2CB73AB-A40B-4C45-AB15-49CEF693CBEB}.Debug|Any CPU.Build.0 = Debug|Any CPU
		{F2CB73AB-A40B-4C45-AB15-49CEF693CBEB}.Release|Any CPU.ActiveCfg = Release|Any CPU
		{F2CB73AB-A40B-4C45-AB15-49CEF693CBEB}.Release|Any CPU.Build.0 = Release|Any CPU
		{73A23B6E-5B77-4707-A185-9CC086D18434}.Debug|Any CPU.ActiveCfg = Debug|Any CPU
		{73A23B6E-5B77-4707-A185-9CC086D18434}.Debug|Any CPU.Build.0 = Debug|Any CPU
		{73A23B6E-5B77-4707-A185-9CC086D18434}.Release|Any CPU.ActiveCfg = Release|Any CPU
		{73A23B6E-5B77-4707-A185-9CC086D18434}.Release|Any CPU.Build.0 = Release|Any CPU
	EndGlobalSection
	GlobalSection(SolutionProperties) = preSolution
		HideSolutionNode = FALSE
	EndGlobalSection
	GlobalSection(ExtensibilityGlobals) = postSolution
		SolutionGuid = {5B6CA44C-78AE-4F64-9F2C-AA8345864123}
	EndGlobalSection
EndGlobal
