
Microsoft Visual Studio Solution File, Format Version 12.00
# Visual Studio Version 16
VisualStudioVersion = 16.0.30717.126
MinimumVisualStudioVersion = 10.0.40219.1
Project("{9A19103F-16F7-4668-BE54-9A1E7A4F7556}") = "Core", "Core\Core.csproj", "{2D9EBE90-92D6-4D83-9CEE-F2C71EDA1D64}"
EndProject
Project("{9A19103F-16F7-4668-BE54-9A1E7A4F7556}") = "DataLayer", "DataAssess\DataLayer.csproj", "{70B77101-23A2-445F-A09E-0C96D9A94CE8}"
EndProject
Project("{9A19103F-16F7-4668-BE54-9A1E7A4F7556}") = "Domain", "Domain\Domain.csproj", "{83F3D25C-3383-4975-A1B2-FB1769F5A1C9}"
EndProject
Project("{9A19103F-16F7-4668-BE54-9A1E7A4F7556}") = "Services", "Services\Services.csproj", "{36DF428D-B679-480B-9241-2E97F2D07550}"
EndProject
Project("{9A19103F-16F7-4668-BE54-9A1E7A4F7556}") = "WebAPIWorkTracker", "WebAPIWorkTracker\WebAPIWorkTracker.csproj", "{1A227838-2AB0-492D-9D04-C8484C6A99B6}"
EndProject
Global
	GlobalSection(SolutionConfigurationPlatforms) = preSolution
		Debug|Any CPU = Debug|Any CPU
		Release|Any CPU = Release|Any CPU
	EndGlobalSection
	GlobalSection(ProjectConfigurationPlatforms) = postSolution
		{2D9EBE90-92D6-4D83-9CEE-F2C71EDA1D64}.Debug|Any CPU.ActiveCfg = Debug|Any CPU
		{2D9EBE90-92D6-4D83-9CEE-F2C71EDA1D64}.Debug|Any CPU.Build.0 = Debug|Any CPU
		{2D9EBE90-92D6-4D83-9CEE-F2C71EDA1D64}.Release|Any CPU.ActiveCfg = Release|Any CPU
		{2D9EBE90-92D6-4D83-9CEE-F2C71EDA1D64}.Release|Any CPU.Build.0 = Release|Any CPU
		{70B77101-23A2-445F-A09E-0C96D9A94CE8}.Debug|Any CPU.ActiveCfg = Debug|Any CPU
		{70B77101-23A2-445F-A09E-0C96D9A94CE8}.Debug|Any CPU.Build.0 = Debug|Any CPU
		{70B77101-23A2-445F-A09E-0C96D9A94CE8}.Release|Any CPU.ActiveCfg = Release|Any CPU
		{70B77101-23A2-445F-A09E-0C96D9A94CE8}.Release|Any CPU.Build.0 = Release|Any CPU
		{83F3D25C-3383-4975-A1B2-FB1769F5A1C9}.Debug|Any CPU.ActiveCfg = Debug|Any CPU
		{83F3D25C-3383-4975-A1B2-FB1769F5A1C9}.Debug|Any CPU.Build.0 = Debug|Any CPU
		{83F3D25C-3383-4975-A1B2-FB1769F5A1C9}.Release|Any CPU.ActiveCfg = Release|Any CPU
		{83F3D25C-3383-4975-A1B2-FB1769F5A1C9}.Release|Any CPU.Build.0 = Release|Any CPU
		{36DF428D-B679-480B-9241-2E97F2D07550}.Debug|Any CPU.ActiveCfg = Debug|Any CPU
		{36DF428D-B679-480B-9241-2E97F2D07550}.Debug|Any CPU.Build.0 = Debug|Any CPU
		{36DF428D-B679-480B-9241-2E97F2D07550}.Release|Any CPU.ActiveCfg = Release|Any CPU
		{36DF428D-B679-480B-9241-2E97F2D07550}.Release|Any CPU.Build.0 = Release|Any CPU
		{1A227838-2AB0-492D-9D04-C8484C6A99B6}.Debug|Any CPU.ActiveCfg = Debug|Any CPU
		{1A227838-2AB0-492D-9D04-C8484C6A99B6}.Debug|Any CPU.Build.0 = Debug|Any CPU
		{1A227838-2AB0-492D-9D04-C8484C6A99B6}.Release|Any CPU.ActiveCfg = Release|Any CPU
		{1A227838-2AB0-492D-9D04-C8484C6A99B6}.Release|Any CPU.Build.0 = Release|Any CPU
	EndGlobalSection
	GlobalSection(SolutionProperties) = preSolution
		HideSolutionNode = FALSE
	EndGlobalSection
	GlobalSection(ExtensibilityGlobals) = postSolution
		SolutionGuid = {5B6CA44C-78AE-4F64-9F2C-AA8345864123}
	EndGlobalSection
EndGlobal
